// !$*UTF8*$!
{
	archiveVersion = 1;
	classes = {
	};
	objectVersion = 50;
	objects = {

/* Begin PBXBuildFile section */
		0942F94721A28B720082E169 /* AppDelegate.swift in Sources */ = {isa = PBXBuildFile; fileRef = 0942F94621A28B720082E169 /* AppDelegate.swift */; };
		0942F94921A28B720082E169 /* ViewController.swift in Sources */ = {isa = PBXBuildFile; fileRef = 0942F94821A28B720082E169 /* ViewController.swift */; };
		0942F94E21A28B730082E169 /* Assets.xcassets in Resources */ = {isa = PBXBuildFile; fileRef = 0942F94D21A28B730082E169 /* Assets.xcassets */; };
		0942F95121A28B730082E169 /* LaunchScreen.storyboard in Resources */ = {isa = PBXBuildFile; fileRef = 0942F94F21A28B730082E169 /* LaunchScreen.storyboard */; };
		0942F95921A28D7C0082E169 /* Inceptionv3.mlmodel in Sources */ = {isa = PBXBuildFile; fileRef = 0942F95821A28D7B0082E169 /* Inceptionv3.mlmodel */; };
		094EC12521A3F4220080A17A /* ClassificationCameraView.swift in Sources */ = {isa = PBXBuildFile; fileRef = 094EC12421A3F4220080A17A /* ClassificationCameraView.swift */; };
		EBECE760FC163EAA4616A2D6 /* Pods_CoreMLTest.framework in Frameworks */ = {isa = PBXBuildFile; fileRef = 8E9205A60F7E2BED886127DB /* Pods_CoreMLTest.framework */; };
/* End PBXBuildFile section */

/* Begin PBXFileReference section */
		0942F94321A28B720082E169 /* CoreMLTest.app */ = {isa = PBXFileReference; explicitFileType = wrapper.application; includeInIndex = 0; path = CoreMLTest.app; sourceTree = BUILT_PRODUCTS_DIR; };
		0942F94621A28B720082E169 /* AppDelegate.swift */ = {isa = PBXFileReference; lastKnownFileType = sourcecode.swift; path = AppDelegate.swift; sourceTree = "<group>"; };
		0942F94821A28B720082E169 /* ViewController.swift */ = {isa = PBXFileReference; lastKnownFileType = sourcecode.swift; path = ViewController.swift; sourceTree = "<group>"; };
		0942F94D21A28B730082E169 /* Assets.xcassets */ = {isa = PBXFileReference; lastKnownFileType = folder.assetcatalog; path = Assets.xcassets; sourceTree = "<group>"; };
		0942F95021A28B730082E169 /* Base */ = {isa = PBXFileReference; lastKnownFileType = file.storyboard; name = Base; path = Base.lproj/LaunchScreen.storyboard; sourceTree = "<group>"; };
		0942F95221A28B730082E169 /* Info.plist */ = {isa = PBXFileReference; lastKnownFileType = text.plist.xml; path = Info.plist; sourceTree = "<group>"; };
		0942F95821A28D7B0082E169 /* Inceptionv3.mlmodel */ = {isa = PBXFileReference; lastKnownFileType = file.mlmodel; path = Inceptionv3.mlmodel; sourceTree = "<group>"; };
		094EC12421A3F4220080A17A /* ClassificationCameraView.swift */ = {isa = PBXFileReference; lastKnownFileType = sourcecode.swift; path = ClassificationCameraView.swift; sourceTree = "<group>"; };
		09732BB72248A7E000C53AA9 /* CoreMLCreatePlayground.playground */ = {isa = PBXFileReference; lastKnownFileType = file.playground; path = CoreMLCreatePlayground.playground; sourceTree = "<group>"; xcLanguageSpecificationIdentifier = xcode.lang.swift; };
		8E9205A60F7E2BED886127DB /* Pods_CoreMLTest.framework */ = {isa = PBXFileReference; explicitFileType = wrapper.framework; includeInIndex = 0; path = Pods_CoreMLTest.framework; sourceTree = BUILT_PRODUCTS_DIR; };
		AB82BC5142A8C657C71A80E6 /* Pods-CoreMLTest.debug.xcconfig */ = {isa = PBXFileReference; includeInIndex = 1; lastKnownFileType = text.xcconfig; name = "Pods-CoreMLTest.debug.xcconfig"; path = "Pods/Target Support Files/Pods-CoreMLTest/Pods-CoreMLTest.debug.xcconfig"; sourceTree = "<group>"; };
		CFAA085F90565A49D84515DD /* Pods-CoreMLTest.release.xcconfig */ = {isa = PBXFileReference; includeInIndex = 1; lastKnownFileType = text.xcconfig; name = "Pods-CoreMLTest.release.xcconfig"; path = "Pods/Target Support Files/Pods-CoreMLTest/Pods-CoreMLTest.release.xcconfig"; sourceTree = "<group>"; };
/* End PBXFileReference section */

/* Begin PBXFrameworksBuildPhase section */
		0942F94021A28B720082E169 /* Frameworks */ = {
			isa = PBXFrameworksBuildPhase;
			buildActionMask = 2147483647;
			files = (
				EBECE760FC163EAA4616A2D6 /* Pods_CoreMLTest.framework in Frameworks */,
			);
			runOnlyForDeploymentPostprocessing = 0;
		};
/* End PBXFrameworksBuildPhase section */

/* Begin PBXGroup section */
		0942F93A21A28B720082E169 = {
			isa = PBXGroup;
			children = (
				09732BBB2248AD8700C53AA9 /* CoreMLCreate */,
				0942F94521A28B720082E169 /* CoreMLTest */,
				0942F94421A28B720082E169 /* Products */,
				BA7749A163B900BC5DAA52B8 /* Pods */,
				BF10EE09A5DD371969FEA7EF /* Frameworks */,
			);
			sourceTree = "<group>";
		};
		0942F94421A28B720082E169 /* Products */ = {
			isa = PBXGroup;
			children = (
				0942F94321A28B720082E169 /* CoreMLTest.app */,
			);
			name = Products;
			sourceTree = "<group>";
		};
		0942F94521A28B720082E169 /* CoreMLTest */ = {
			isa = PBXGroup;
			children = (
				0942F94621A28B720082E169 /* AppDelegate.swift */,
				0942F94821A28B720082E169 /* ViewController.swift */,
				0942F94D21A28B730082E169 /* Assets.xcassets */,
				0942F94F21A28B730082E169 /* LaunchScreen.storyboard */,
				0942F95221A28B730082E169 /* Info.plist */,
				0942F95821A28D7B0082E169 /* Inceptionv3.mlmodel */,
				094EC12421A3F4220080A17A /* ClassificationCameraView.swift */,
			);
			path = CoreMLTest;
			sourceTree = "<group>";
		};
		09732BB82248ABEB00C53AA9 /* Dataset */ = {
			isa = PBXGroup;
			children = (
				09732BB92248ABF200C53AA9 /* Birthmarks-100 */,
				09732BBA2248AC5100C53AA9 /* Birthmarks-test */,
			);
			path = Dataset;
			sourceTree = "<group>";
		};
		09732BB92248ABF200C53AA9 /* Birthmarks-100 */ = {
			isa = PBXGroup;
			children = (
			);
			path = "Birthmarks-100";
			sourceTree = "<group>";
		};
		09732BBA2248AC5100C53AA9 /* Birthmarks-test */ = {
			isa = PBXGroup;
			children = (
			);
			path = "Birthmarks-test";
			sourceTree = "<group>";
		};
		09732BBB2248AD8700C53AA9 /* CoreMLCreate */ = {
			isa = PBXGroup;
			children = (
				09732BB82248ABEB00C53AA9 /* Dataset */,
				09732BB72248A7E000C53AA9 /* CoreMLCreatePlayground.playground */,
			);
			path = CoreMLCreate;
			sourceTree = "<group>";
		};
		BA7749A163B900BC5DAA52B8 /* Pods */ = {
			isa = PBXGroup;
			children = (
				AB82BC5142A8C657C71A80E6 /* Pods-CoreMLTest.debug.xcconfig */,
				CFAA085F90565A49D84515DD /* Pods-CoreMLTest.release.xcconfig */,
			);
			name = Pods;
			sourceTree = "<group>";
		};
		BF10EE09A5DD371969FEA7EF /* Frameworks */ = {
			isa = PBXGroup;
			children = (
				8E9205A60F7E2BED886127DB /* Pods_CoreMLTest.framework */,
			);
			name = Frameworks;
			sourceTree = "<group>";
		};
/* End PBXGroup section */

/* Begin PBXNativeTarget section */
		0942F94221A28B720082E169 /* CoreMLTest */ = {
			isa = PBXNativeTarget;
			buildConfigurationList = 0942F95521A28B730082E169 /* Build configuration list for PBXNativeTarget "CoreMLTest" */;
			buildPhases = (
				1B3A32C2C3D4B3813FA456AA /* [CP] Check Pods Manifest.lock */,
				0942F93F21A28B720082E169 /* Sources */,
				0942F94021A28B720082E169 /* Frameworks */,
				0942F94121A28B720082E169 /* Resources */,
				2960BB56425CD94A5C416356 /* [CP] Embed Pods Frameworks */,
			);
			buildRules = (
			);
			dependencies = (
			);
			name = CoreMLTest;
			productName = CoreMLTest;
			productReference = 0942F94321A28B720082E169 /* CoreMLTest.app */;
			productType = "com.apple.product-type.application";
		};
/* End PBXNativeTarget section */

/* Begin PBXProject section */
		0942F93B21A28B720082E169 /* Project object */ = {
			isa = PBXProject;
			attributes = {
				LastSwiftUpdateCheck = 1010;
				LastUpgradeCheck = 1010;
				ORGANIZATIONNAME = "BeSmart-Mobile";
				TargetAttributes = {
					0942F94221A28B720082E169 = {
						CreatedOnToolsVersion = 10.1;
					};
				};
			};
			buildConfigurationList = 0942F93E21A28B720082E169 /* Build configuration list for PBXProject "CoreMLTest" */;
			compatibilityVersion = "Xcode 9.3";
			developmentRegion = en;
			hasScannedForEncodings = 0;
			knownRegions = (
				en,
				Base,
			);
			mainGroup = 0942F93A21A28B720082E169;
			productRefGroup = 0942F94421A28B720082E169 /* Products */;
			projectDirPath = "";
			projectRoot = "";
			targets = (
				0942F94221A28B720082E169 /* CoreMLTest */,
			);
		};
/* End PBXProject section */

/* Begin PBXResourcesBuildPhase section */
		0942F94121A28B720082E169 /* Resources */ = {
			isa = PBXResourcesBuildPhase;
			buildActionMask = 2147483647;
			files = (
				0942F95121A28B730082E169 /* LaunchScreen.storyboard in Resources */,
				0942F94E21A28B730082E169 /* Assets.xcassets in Resources */,
			);
			runOnlyForDeploymentPostprocessing = 0;
		};
/* End PBXResourcesBuildPhase section */

/* Begin PBXShellScriptBuildPhase section */
		1B3A32C2C3D4B3813FA456AA /* [CP] Check Pods Manifest.lock */ = {
			isa = PBXShellScriptBuildPhase;
			buildActionMask = 2147483647;
			files = (
			);
			inputFileListPaths = (
			);
			inputPaths = (
				"${PODS_PODFILE_DIR_PATH}/Podfile.lock",
				"${PODS_ROOT}/Manifest.lock",
			);
			name = "[CP] Check Pods Manifest.lock";
			outputFileListPaths = (
			);
			outputPaths = (
				"$(DERIVED_FILE_DIR)/Pods-CoreMLTest-checkManifestLockResult.txt",
			);
			runOnlyForDeploymentPostprocessing = 0;
			shellPath = /bin/sh;
			shellScript = "diff \"${PODS_PODFILE_DIR_PATH}/Podfile.lock\" \"${PODS_ROOT}/Manifest.lock\" > /dev/null\nif [ $? != 0 ] ; then\n    # print error to STDERR\n    echo \"error: The sandbox is not in sync with the Podfile.lock. Run 'pod install' or update your CocoaPods installation.\" >&2\n    exit 1\nfi\n# This output is used by Xcode 'outputs' to avoid re-running this script phase.\necho \"SUCCESS\" > \"${SCRIPT_OUTPUT_FILE_0}\"\n";
			showEnvVarsInLog = 0;
		};
		2960BB56425CD94A5C416356 /* [CP] Embed Pods Frameworks */ = {
			isa = PBXShellScriptBuildPhase;
			buildActionMask = 2147483647;
			files = (
			);
			inputFileListPaths = (
			);
			inputPaths = (
				"${SRCROOT}/Pods/Target Support Files/Pods-CoreMLTest/Pods-CoreMLTest-frameworks.sh",
				"${BUILT_PRODUCTS_DIR}/SnapKit/SnapKit.framework",
			);
			name = "[CP] Embed Pods Frameworks";
			outputFileListPaths = (
			);
			outputPaths = (
				"${TARGET_BUILD_DIR}/${FRAMEWORKS_FOLDER_PATH}/SnapKit.framework",
			);
			runOnlyForDeploymentPostprocessing = 0;
			shellPath = /bin/sh;
			shellScript = "\"${SRCROOT}/Pods/Target Support Files/Pods-CoreMLTest/Pods-CoreMLTest-frameworks.sh\"\n";
			showEnvVarsInLog = 0;
		};
/* End PBXShellScriptBuildPhase section */

/* Begin PBXSourcesBuildPhase section */
		0942F93F21A28B720082E169 /* Sources */ = {
			isa = PBXSourcesBuildPhase;
			buildActionMask = 2147483647;
			files = (
				094EC12521A3F4220080A17A /* ClassificationCameraView.swift in Sources */,
				0942F94921A28B720082E169 /* ViewController.swift in Sources */,
				0942F95921A28D7C0082E169 /* Inceptionv3.mlmodel in Sources */,
				0942F94721A28B720082E169 /* AppDelegate.swift in Sources */,
			);
			runOnlyForDeploymentPostprocessing = 0;
		};
/* End PBXSourcesBuildPhase section */

/* Begin PBXVariantGroup section */
		0942F94F21A28B730082E169 /* LaunchScreen.storyboard */ = {
			isa = PBXVariantGroup;
			children = (
				0942F95021A28B730082E169 /* Base */,
			);
			name = LaunchScreen.storyboard;
			sourceTree = "<group>";
		};
/* End PBXVariantGroup section */

/* Begin XCBuildConfiguration section */
		0942F95321A28B730082E169 /* Debug */ = {
			isa = XCBuildConfiguration;
			buildSettings = {
				ALWAYS_SEARCH_USER_PATHS = NO;
				CLANG_ANALYZER_NONNULL = YES;
				CLANG_ANALYZER_NUMBER_OBJECT_CONVERSION = YES_AGGRESSIVE;
				CLANG_CXX_LANGUAGE_STANDARD = "gnu++14";
				CLANG_CXX_LIBRARY = "libc++";
				CLANG_ENABLE_MODULES = YES;
				CLANG_ENABLE_OBJC_ARC = YES;
				CLANG_ENABLE_OBJC_WEAK = YES;
				CLANG_WARN_BLOCK_CAPTURE_AUTORELEASING = YES;
				CLANG_WARN_BOOL_CONVERSION = YES;
				CLANG_WARN_COMMA = YES;
				CLANG_WARN_CONSTANT_CONVERSION = YES;
				CLANG_WARN_DEPRECATED_OBJC_IMPLEMENTATIONS = YES;
				CLANG_WARN_DIRECT_OBJC_ISA_USAGE = YES_ERROR;
				CLANG_WARN_DOCUMENTATION_COMMENTS = YES;
				CLANG_WARN_EMPTY_BODY = YES;
				CLANG_WARN_ENUM_CONVERSION = YES;
				CLANG_WARN_INFINITE_RECURSION = YES;
				CLANG_WARN_INT_CONVERSION = YES;
				CLANG_WARN_NON_LITERAL_NULL_CONVERSION = YES;
				CLANG_WARN_OBJC_IMPLICIT_RETAIN_SELF = YES;
				CLANG_WARN_OBJC_LITERAL_CONVERSION = YES;
				CLANG_WARN_OBJC_ROOT_CLASS = YES_ERROR;
				CLANG_WARN_RANGE_LOOP_ANALYSIS = YES;
				CLANG_WARN_STRICT_PROTOTYPES = YES;
				CLANG_WARN_SUSPICIOUS_MOVE = YES;
				CLANG_WARN_UNGUARDED_AVAILABILITY = YES_AGGRESSIVE;
				CLANG_WARN_UNREACHABLE_CODE = YES;
				CLANG_WARN__DUPLICATE_METHOD_MATCH = YES;
				CODE_SIGN_IDENTITY = "iPhone Developer";
				COPY_PHASE_STRIP = NO;
				DEBUG_INFORMATION_FORMAT = dwarf;
				ENABLE_STRICT_OBJC_MSGSEND = YES;
				ENABLE_TESTABILITY = YES;
				GCC_C_LANGUAGE_STANDARD = gnu11;
				GCC_DYNAMIC_NO_PIC = NO;
				GCC_NO_COMMON_BLOCKS = YES;
				GCC_OPTIMIZATION_LEVEL = 0;
				GCC_PREPROCESSOR_DEFINITIONS = (
					"DEBUG=1",
					"$(inherited)",
				);
				GCC_WARN_64_TO_32_BIT_CONVERSION = YES;
				GCC_WARN_ABOUT_RETURN_TYPE = YES_ERROR;
				GCC_WARN_UNDECLARED_SELECTOR = YES;
				GCC_WARN_UNINITIALIZED_AUTOS = YES_AGGRESSIVE;
				GCC_WARN_UNUSED_FUNCTION = YES;
				GCC_WARN_UNUSED_VARIABLE = YES;
				IPHONEOS_DEPLOYMENT_TARGET = 12.1;
				MTL_ENABLE_DEBUG_INFO = INCLUDE_SOURCE;
				MTL_FAST_MATH = YES;
				ONLY_ACTIVE_ARCH = YES;
				SDKROOT = iphoneos;
				SWIFT_ACTIVE_COMPILATION_CONDITIONS = DEBUG;
				SWIFT_OPTIMIZATION_LEVEL = "-Onone";
			};
			name = Debug;
		};
		0942F95421A28B730082E169 /* Release */ = {
			isa = XCBuildConfiguration;
			buildSettings = {
				ALWAYS_SEARCH_USER_PATHS = NO;
				CLANG_ANALYZER_NONNULL = YES;
				CLANG_ANALYZER_NUMBER_OBJECT_CONVERSION = YES_AGGRESSIVE;
				CLANG_CXX_LANGUAGE_STANDARD = "gnu++14";
				CLANG_CXX_LIBRARY = "libc++";
				CLANG_ENABLE_MODULES = YES;
				CLANG_ENABLE_OBJC_ARC = YES;
				CLANG_ENABLE_OBJC_WEAK = YES;
				CLANG_WARN_BLOCK_CAPTURE_AUTORELEASING = YES;
				CLANG_WARN_BOOL_CONVERSION = YES;
				CLANG_WARN_COMMA = YES;
				CLANG_WARN_CONSTANT_CONVERSION = YES;
				CLANG_WARN_DEPRECATED_OBJC_IMPLEMENTATIONS = YES;
				CLANG_WARN_DIRECT_OBJC_ISA_USAGE = YES_ERROR;
				CLANG_WARN_DOCUMENTATION_COMMENTS = YES;
				CLANG_WARN_EMPTY_BODY = YES;
				CLANG_WARN_ENUM_CONVERSION = YES;
				CLANG_WARN_INFINITE_RECURSION = YES;
				CLANG_WARN_INT_CONVERSION = YES;
				CLANG_WARN_NON_LITERAL_NULL_CONVERSION = YES;
				CLANG_WARN_OBJC_IMPLICIT_RETAIN_SELF = YES;
				CLANG_WARN_OBJC_LITERAL_CONVERSION = YES;
				CLANG_WARN_OBJC_ROOT_CLASS = YES_ERROR;
				CLANG_WARN_RANGE_LOOP_ANALYSIS = YES;
				CLANG_WARN_STRICT_PROTOTYPES = YES;
				CLANG_WARN_SUSPICIOUS_MOVE = YES;
				CLANG_WARN_UNGUARDED_AVAILABILITY = YES_AGGRESSIVE;
				CLANG_WARN_UNREACHABLE_CODE = YES;
				CLANG_WARN__DUPLICATE_METHOD_MATCH = YES;
				CODE_SIGN_IDENTITY = "iPhone Developer";
				COPY_PHASE_STRIP = NO;
				DEBUG_INFORMATION_FORMAT = "dwarf-with-dsym";
				ENABLE_NS_ASSERTIONS = NO;
				ENABLE_STRICT_OBJC_MSGSEND = YES;
				GCC_C_LANGUAGE_STANDARD = gnu11;
				GCC_NO_COMMON_BLOCKS = YES;
				GCC_WARN_64_TO_32_BIT_CONVERSION = YES;
				GCC_WARN_ABOUT_RETURN_TYPE = YES_ERROR;
				GCC_WARN_UNDECLARED_SELECTOR = YES;
				GCC_WARN_UNINITIALIZED_AUTOS = YES_AGGRESSIVE;
				GCC_WARN_UNUSED_FUNCTION = YES;
				GCC_WARN_UNUSED_VARIABLE = YES;
				IPHONEOS_DEPLOYMENT_TARGET = 12.1;
				MTL_ENABLE_DEBUG_INFO = NO;
				MTL_FAST_MATH = YES;
				SDKROOT = iphoneos;
				SWIFT_COMPILATION_MODE = wholemodule;
				SWIFT_OPTIMIZATION_LEVEL = "-O";
				VALIDATE_PRODUCT = YES;
			};
			name = Release;
		};
		0942F95621A28B730082E169 /* Debug */ = {
			isa = XCBuildConfiguration;
			baseConfigurationReference = AB82BC5142A8C657C71A80E6 /* Pods-CoreMLTest.debug.xcconfig */;
			buildSettings = {
				ASSETCATALOG_COMPILER_APPICON_NAME = AppIcon;
				CODE_SIGN_STYLE = Automatic;
				DEVELOPMENT_TEAM = K3EBJ8K5KL;
				INFOPLIST_FILE = CoreMLTest/Info.plist;
				IPHONEOS_DEPLOYMENT_TARGET = 12.0;
				LD_RUNPATH_SEARCH_PATHS = (
					"$(inherited)",
					"@executable_path/Frameworks",
				);
				PRODUCT_BUNDLE_IDENTIFIER = "com.besmart-mobile.CoreMLTest";
				PRODUCT_NAME = "$(TARGET_NAME)";
				SWIFT_VERSION = 4.2;
				TARGETED_DEVICE_FAMILY = "1,2";
			};
			name = Debug;
		};
		0942F95721A28B730082E169 /* Release */ = {
			isa = XCBuildConfiguration;
			baseConfigurationReference = CFAA085F90565A49D84515DD /* Pods-CoreMLTest.release.xcconfig */;
			buildSettings = {
				ASSETCATALOG_COMPILER_APPICON_NAME = AppIcon;
				CODE_SIGN_STYLE = Automatic;
				DEVELOPMENT_TEAM = K3EBJ8K5KL;
				INFOPLIST_FILE = CoreMLTest/Info.plist;
				IPHONEOS_DEPLOYMENT_TARGET = 12.0;
				LD_RUNPATH_SEARCH_PATHS = (
					"$(inherited)",
					"@executable_path/Frameworks",
				);
				PRODUCT_BUNDLE_IDENTIFIER = "com.besmart-mobile.CoreMLTest";
				PRODUCT_NAME = "$(TARGET_NAME)";
				SWIFT_VERSION = 4.2;
				TARGETED_DEVICE_FAMILY = "1,2";
			};
			name = Release;
		};
/* End XCBuildConfiguration section */

/* Begin XCConfigurationList section */
		0942F93E21A28B720082E169 /* Build configuration list for PBXProject "CoreMLTest" */ = {
			isa = XCConfigurationList;
			buildConfigurations = (
				0942F95321A28B730082E169 /* Debug */,
				0942F95421A28B730082E169 /* Release */,
			);
			defaultConfigurationIsVisible = 0;
			defaultConfigurationName = Release;
		};
		0942F95521A28B730082E169 /* Build configuration list for PBXNativeTarget "CoreMLTest" */ = {
			isa = XCConfigurationList;
			buildConfigurations = (
				0942F95621A28B730082E169 /* Debug */,
				0942F95721A28B730082E169 /* Release */,
			);
			defaultConfigurationIsVisible = 0;
			defaultConfigurationName = Release;
		};
/* End XCConfigurationList section */
	};
	rootObject = 0942F93B21A28B720082E169 /* Project object */;
}
